
Microsoft Visual Studio Solution File, Format Version 12.00
# Visual Studio Version 17
VisualStudioVersion = 17.4.33122.133
MinimumVisualStudioVersion = 10.0.40219.1
Project("{FAE04EC0-301F-11D3-BF4B-00C04F79EFBC}") = "TaksiDurakOtomasyon", "TaksiDurakOtomasyon\TaksiDurakOtomasyon.csproj", "{74462F0D-43F9-4A5F-80ED-390FE35D86E8}"
EndProject
Project("{54435603-DBB4-11D2-8724-00A0C9A8B90C}") = "TaksiOtomasyonV1.0", "TaksiOtomasyonV1.0\TaksiOtomasyonV1.0.vdproj", "{D6F60586-97B5-4DAB-A43D-84CA450475CD}"
EndProject
Global
	GlobalSection(SolutionConfigurationPlatforms) = preSolution
		Debug|Any CPU = Debug|Any CPU
		Release|Any CPU = Release|Any CPU
	EndGlobalSection
	GlobalSection(ProjectConfigurationPlatforms) = postSolution
		{74462F0D-43F9-4A5F-80ED-390FE35D86E8}.Debug|Any CPU.ActiveCfg = Debug|Any CPU
		{74462F0D-43F9-4A5F-80ED-390FE35D86E8}.Debug|Any CPU.Build.0 = Debug|Any CPU
		{74462F0D-43F9-4A5F-80ED-390FE35D86E8}.Release|Any CPU.ActiveCfg = Release|Any CPU
		{74462F0D-43F9-4A5F-80ED-390FE35D86E8}.Release|Any CPU.Build.0 = Release|Any CPU
		{D6F60586-97B5-4DAB-A43D-84CA450475CD}.Debug|Any CPU.ActiveCfg = Debug
		{D6F60586-97B5-4DAB-A43D-84CA450475CD}.Release|Any CPU.ActiveCfg = Release
	EndGlobalSection
	GlobalSection(SolutionProperties) = preSolution
		HideSolutionNode = FALSE
	EndGlobalSection
	GlobalSection(ExtensibilityGlobals) = postSolution
		SolutionGuid = {0E04975F-CAAB-4509-A656-DB6BDB51AD11}
	EndGlobalSection
EndGlobal
